
Microsoft Visual Studio Solution File, Format Version 12.00
# Visual Studio 15
VisualStudioVersion = 15.0.27703.2035
MinimumVisualStudioVersion = 10.0.40219.1
Project("{FAE04EC0-301F-11D3-BF4B-00C04F79EFBC}") = "HealthAndWellness2", "HealthAndWellness2\HealthAndWellness2.csproj", "{FF6BD423-9F8D-4892-86CA-3049C05FFF29}"
EndProject
Global
	GlobalSection(SolutionConfigurationPlatforms) = preSolution
		Debug|Any CPU = Debug|Any CPU
		Release|Any CPU = Release|Any CPU
	EndGlobalSection
	GlobalSection(ProjectConfigurationPlatforms) = postSolution
		{FF6BD423-9F8D-4892-86CA-3049C05FFF29}.Debug|Any CPU.ActiveCfg = Debug|Any CPU
		{FF6BD423-9F8D-4892-86CA-3049C05FFF29}.Debug|Any CPU.Build.0 = Debug|Any CPU
		{FF6BD423-9F8D-4892-86CA-3049C05FFF29}.Release|Any CPU.ActiveCfg = Release|Any CPU
		{FF6BD423-9F8D-4892-86CA-3049C05FFF29}.Release|Any CPU.Build.0 = Release|Any CPU
	EndGlobalSection
	GlobalSection(SolutionProperties) = preSolution
		HideSolutionNode = FALSE
	EndGlobalSection
	GlobalSection(ExtensibilityGlobals) = postSolution
		SolutionGuid = {CFDA1508-B7C1-451E-86E2-AE40C3D2D381}
	EndGlobalSection
EndGlobal
